// !$*UTF8*$!
{
	archiveVersion = 1;
	classes = {
	};
	objectVersion = 50;
	objects = {

/* Begin PBXBuildFile section */
		1F771C5724CC4E1C00BA4603 /* AppDelegate.swift in Sources */ = {isa = PBXBuildFile; fileRef = 1F771C5624CC4E1C00BA4603 /* AppDelegate.swift */; };
		1F771C5924CC4E1C00BA4603 /* SceneDelegate.swift in Sources */ = {isa = PBXBuildFile; fileRef = 1F771C5824CC4E1C00BA4603 /* SceneDelegate.swift */; };
		1F771C5B24CC4E1C00BA4603 /* LandmarkDetail.swift in Sources */ = {isa = PBXBuildFile; fileRef = 1F771C5A24CC4E1C00BA4603 /* LandmarkDetail.swift */; };
		1F771C5D24CC4E1D00BA4603 /* Assets.xcassets in Resources */ = {isa = PBXBuildFile; fileRef = 1F771C5C24CC4E1D00BA4603 /* Assets.xcassets */; };
		1F771C6024CC4E1D00BA4603 /* Preview Assets.xcassets in Resources */ = {isa = PBXBuildFile; fileRef = 1F771C5F24CC4E1D00BA4603 /* Preview Assets.xcassets */; };
		1F771C6324CC4E1D00BA4603 /* LaunchScreen.storyboard in Resources */ = {isa = PBXBuildFile; fileRef = 1F771C6124CC4E1D00BA4603 /* LaunchScreen.storyboard */; };
		1F771C6E24CC4E1D00BA4603 /* SwiftUI_tutorialsTests.swift in Sources */ = {isa = PBXBuildFile; fileRef = 1F771C6D24CC4E1D00BA4603 /* SwiftUI_tutorialsTests.swift */; };
		1F771C7924CC4E1D00BA4603 /* SwiftUI_tutorialsUITests.swift in Sources */ = {isa = PBXBuildFile; fileRef = 1F771C7824CC4E1D00BA4603 /* SwiftUI_tutorialsUITests.swift */; };
		1F771C8724CC586F00BA4603 /* CircleImage.swift in Sources */ = {isa = PBXBuildFile; fileRef = 1F771C8624CC586F00BA4603 /* CircleImage.swift */; };
		1F771C8924CC59D300BA4603 /* MapView.swift in Sources */ = {isa = PBXBuildFile; fileRef = 1F771C8824CC59D300BA4603 /* MapView.swift */; };
		1F771C8D24CC61B500BA4603 /* Landmark.swift in Sources */ = {isa = PBXBuildFile; fileRef = 1F771C8C24CC61B500BA4603 /* Landmark.swift */; };
		1FD4210C24CC63DE004355F9 /* LandmarkRow.swift in Sources */ = {isa = PBXBuildFile; fileRef = 1FD4210B24CC63DE004355F9 /* LandmarkRow.swift */; };
		1FD4210E24CC6498004355F9 /* Data.swift in Sources */ = {isa = PBXBuildFile; fileRef = 1FD4210D24CC6498004355F9 /* Data.swift */; };
		1FD4212A24CC6CAA004355F9 /* LandmarkList.swift in Sources */ = {isa = PBXBuildFile; fileRef = 1FD4212924CC6CAA004355F9 /* LandmarkList.swift */; };
		1FD4214724CC7BF3004355F9 /* UserData.swift in Sources */ = {isa = PBXBuildFile; fileRef = 1FD4214624CC7BF3004355F9 /* UserData.swift */; };
		1FD4214924CC81CB004355F9 /* HexagonParameters.swift in Sources */ = {isa = PBXBuildFile; fileRef = 1FD4214824CC81CB004355F9 /* HexagonParameters.swift */; };
		1FD4214B24CC81F7004355F9 /* Badge.swift in Sources */ = {isa = PBXBuildFile; fileRef = 1FD4214A24CC81F7004355F9 /* Badge.swift */; };
		1FD4214D24CC8A13004355F9 /* BadgeBackground.swift in Sources */ = {isa = PBXBuildFile; fileRef = 1FD4214C24CC8A13004355F9 /* BadgeBackground.swift */; };
		1FD4214F24CCA57D004355F9 /* BadgeSymbol.swift in Sources */ = {isa = PBXBuildFile; fileRef = 1FD4214E24CCA57D004355F9 /* BadgeSymbol.swift */; };
		1FD4215124CCA785004355F9 /* RotatedBadgeSymbol.swift in Sources */ = {isa = PBXBuildFile; fileRef = 1FD4215024CCA785004355F9 /* RotatedBadgeSymbol.swift */; };
		1FD4216F24CCAB2C004355F9 /* Hike.swift in Sources */ = {isa = PBXBuildFile; fileRef = 1FD4216E24CCAB2C004355F9 /* Hike.swift */; };
		1FD4217124CCAB76004355F9 /* HikeGraph.swift in Sources */ = {isa = PBXBuildFile; fileRef = 1FD4217024CCAB76004355F9 /* HikeGraph.swift */; };
		1FD4217324CCABA2004355F9 /* GraphCapsule.swift in Sources */ = {isa = PBXBuildFile; fileRef = 1FD4217224CCABA2004355F9 /* GraphCapsule.swift */; };
		1FD4217524CCAC0F004355F9 /* HikeDetail.swift in Sources */ = {isa = PBXBuildFile; fileRef = 1FD4217424CCAC0F004355F9 /* HikeDetail.swift */; };
		1FD4217724CCAC2A004355F9 /* HikeView.swift in Sources */ = {isa = PBXBuildFile; fileRef = 1FD4217624CCAC2A004355F9 /* HikeView.swift */; };
		1FD4217924CCB294004355F9 /* Home.swift in Sources */ = {isa = PBXBuildFile; fileRef = 1FD4217824CCB294004355F9 /* Home.swift */; };
		1FD4217B24CCB42B004355F9 /* CategoryRow.swift in Sources */ = {isa = PBXBuildFile; fileRef = 1FD4217A24CCB42B004355F9 /* CategoryRow.swift */; };
		1FD4218A24CCB61A004355F9 /* silversalmoncreek.jpg in Resources */ = {isa = PBXBuildFile; fileRef = 1FD4217C24CCB619004355F9 /* silversalmoncreek.jpg */; };
		1FD4218B24CCB61A004355F9 /* rainbowlake.jpg in Resources */ = {isa = PBXBuildFile; fileRef = 1FD4217D24CCB619004355F9 /* rainbowlake.jpg */; };
		1FD4218C24CCB61A004355F9 /* charleyrivers.jpg in Resources */ = {isa = PBXBuildFile; fileRef = 1FD4217E24CCB619004355F9 /* charleyrivers.jpg */; };
		1FD4218D24CCB61A004355F9 /* landmarkData.json in Resources */ = {isa = PBXBuildFile; fileRef = 1FD4217F24CCB619004355F9 /* landmarkData.json */; };
		1FD4218E24CCB61A004355F9 /* hiddenlake.jpg in Resources */ = {isa = PBXBuildFile; fileRef = 1FD4218024CCB619004355F9 /* hiddenlake.jpg */; };
		1FD4218F24CCB61A004355F9 /* chincoteague.jpg in Resources */ = {isa = PBXBuildFile; fileRef = 1FD4218124CCB619004355F9 /* chincoteague.jpg */; };
		1FD4219024CCB61A004355F9 /* icybay.jpg in Resources */ = {isa = PBXBuildFile; fileRef = 1FD4218224CCB619004355F9 /* icybay.jpg */; };
		1FD4219124CCB61A004355F9 /* twinlake.jpg in Resources */ = {isa = PBXBuildFile; fileRef = 1FD4218324CCB619004355F9 /* twinlake.jpg */; };
		1FD4219224CCB61A004355F9 /* lakemcdonald.jpg in Resources */ = {isa = PBXBuildFile; fileRef = 1FD4218424CCB619004355F9 /* lakemcdonald.jpg */; };
		1FD4219324CCB61A004355F9 /* turtlerock.jpg in Resources */ = {isa = PBXBuildFile; fileRef = 1FD4218524CCB619004355F9 /* turtlerock.jpg */; };
		1FD4219424CCB61A004355F9 /* umbagog.jpg in Resources */ = {isa = PBXBuildFile; fileRef = 1FD4218624CCB619004355F9 /* umbagog.jpg */; };
		1FD4219524CCB61A004355F9 /* stmarylake.jpg in Resources */ = {isa = PBXBuildFile; fileRef = 1FD4218724CCB61A004355F9 /* stmarylake.jpg */; };
		1FD4219624CCB61A004355F9 /* chilkoottrail.jpg in Resources */ = {isa = PBXBuildFile; fileRef = 1FD4218824CCB61A004355F9 /* chilkoottrail.jpg */; };
		1FD4219724CCB61A004355F9 /* hikeData.json in Resources */ = {isa = PBXBuildFile; fileRef = 1FD4218924CCB61A004355F9 /* hikeData.json */; };
/* End PBXBuildFile section */

/* Begin PBXContainerItemProxy section */
		1F771C6A24CC4E1D00BA4603 /* PBXContainerItemProxy */ = {
			isa = PBXContainerItemProxy;
			containerPortal = 1F771C4B24CC4E1B00BA4603 /* Project object */;
			proxyType = 1;
			remoteGlobalIDString = 1F771C5224CC4E1B00BA4603;
			remoteInfo = SwiftUI_tutorials;
		};
		1F771C7524CC4E1D00BA4603 /* PBXContainerItemProxy */ = {
			isa = PBXContainerItemProxy;
			containerPortal = 1F771C4B24CC4E1B00BA4603 /* Project object */;
			proxyType = 1;
			remoteGlobalIDString = 1F771C5224CC4E1B00BA4603;
			remoteInfo = SwiftUI_tutorials;
		};
/* End PBXContainerItemProxy section */

/* Begin PBXFileReference section */
		1F771C5324CC4E1C00BA4603 /* SwiftUI_tutorials.app */ = {isa = PBXFileReference; explicitFileType = wrapper.application; includeInIndex = 0; path = SwiftUI_tutorials.app; sourceTree = BUILT_PRODUCTS_DIR; };
		1F771C5624CC4E1C00BA4603 /* AppDelegate.swift */ = {isa = PBXFileReference; lastKnownFileType = sourcecode.swift; path = AppDelegate.swift; sourceTree = "<group>"; };
		1F771C5824CC4E1C00BA4603 /* SceneDelegate.swift */ = {isa = PBXFileReference; lastKnownFileType = sourcecode.swift; path = SceneDelegate.swift; sourceTree = "<group>"; };
		1F771C5A24CC4E1C00BA4603 /* LandmarkDetail.swift */ = {isa = PBXFileReference; lastKnownFileType = sourcecode.swift; path = LandmarkDetail.swift; sourceTree = "<group>"; };
		1F771C5C24CC4E1D00BA4603 /* Assets.xcassets */ = {isa = PBXFileReference; lastKnownFileType = folder.assetcatalog; path = Assets.xcassets; sourceTree = "<group>"; };
		1F771C5F24CC4E1D00BA4603 /* Preview Assets.xcassets */ = {isa = PBXFileReference; lastKnownFileType = folder.assetcatalog; path = "Preview Assets.xcassets"; sourceTree = "<group>"; };
		1F771C6224CC4E1D00BA4603 /* Base */ = {isa = PBXFileReference; lastKnownFileType = file.storyboard; name = Base; path = Base.lproj/LaunchScreen.storyboard; sourceTree = "<group>"; };
		1F771C6424CC4E1D00BA4603 /* Info.plist */ = {isa = PBXFileReference; lastKnownFileType = text.plist.xml; path = Info.plist; sourceTree = "<group>"; };
		1F771C6924CC4E1D00BA4603 /* SwiftUI_tutorialsTests.xctest */ = {isa = PBXFileReference; explicitFileType = wrapper.cfbundle; includeInIndex = 0; path = SwiftUI_tutorialsTests.xctest; sourceTree = BUILT_PRODUCTS_DIR; };
		1F771C6D24CC4E1D00BA4603 /* SwiftUI_tutorialsTests.swift */ = {isa = PBXFileReference; lastKnownFileType = sourcecode.swift; path = SwiftUI_tutorialsTests.swift; sourceTree = "<group>"; };
		1F771C6F24CC4E1D00BA4603 /* Info.plist */ = {isa = PBXFileReference; lastKnownFileType = text.plist.xml; path = Info.plist; sourceTree = "<group>"; };
		1F771C7424CC4E1D00BA4603 /* SwiftUI_tutorialsUITests.xctest */ = {isa = PBXFileReference; explicitFileType = wrapper.cfbundle; includeInIndex = 0; path = SwiftUI_tutorialsUITests.xctest; sourceTree = BUILT_PRODUCTS_DIR; };
		1F771C7824CC4E1D00BA4603 /* SwiftUI_tutorialsUITests.swift */ = {isa = PBXFileReference; lastKnownFileType = sourcecode.swift; path = SwiftUI_tutorialsUITests.swift; sourceTree = "<group>"; };
		1F771C7A24CC4E1D00BA4603 /* Info.plist */ = {isa = PBXFileReference; lastKnownFileType = text.plist.xml; path = Info.plist; sourceTree = "<group>"; };
		1F771C8624CC586F00BA4603 /* CircleImage.swift */ = {isa = PBXFileReference; lastKnownFileType = sourcecode.swift; path = CircleImage.swift; sourceTree = "<group>"; };
		1F771C8824CC59D300BA4603 /* MapView.swift */ = {isa = PBXFileReference; lastKnownFileType = sourcecode.swift; path = MapView.swift; sourceTree = "<group>"; };
		1F771C8C24CC61B500BA4603 /* Landmark.swift */ = {isa = PBXFileReference; lastKnownFileType = sourcecode.swift; path = Landmark.swift; sourceTree = "<group>"; };
		1FD4210B24CC63DE004355F9 /* LandmarkRow.swift */ = {isa = PBXFileReference; lastKnownFileType = sourcecode.swift; path = LandmarkRow.swift; sourceTree = "<group>"; };
		1FD4210D24CC6498004355F9 /* Data.swift */ = {isa = PBXFileReference; lastKnownFileType = sourcecode.swift; path = Data.swift; sourceTree = "<group>"; };
		1FD4212924CC6CAA004355F9 /* LandmarkList.swift */ = {isa = PBXFileReference; lastKnownFileType = sourcecode.swift; path = LandmarkList.swift; sourceTree = "<group>"; };
		1FD4214624CC7BF3004355F9 /* UserData.swift */ = {isa = PBXFileReference; lastKnownFileType = sourcecode.swift; path = UserData.swift; sourceTree = "<group>"; };
		1FD4214824CC81CB004355F9 /* HexagonParameters.swift */ = {isa = PBXFileReference; lastKnownFileType = sourcecode.swift; path = HexagonParameters.swift; sourceTree = "<group>"; };
		1FD4214A24CC81F7004355F9 /* Badge.swift */ = {isa = PBXFileReference; lastKnownFileType = sourcecode.swift; path = Badge.swift; sourceTree = "<group>"; };
		1FD4214C24CC8A13004355F9 /* BadgeBackground.swift */ = {isa = PBXFileReference; lastKnownFileType = sourcecode.swift; path = BadgeBackground.swift; sourceTree = "<group>"; };
		1FD4214E24CCA57D004355F9 /* BadgeSymbol.swift */ = {isa = PBXFileReference; lastKnownFileType = sourcecode.swift; path = BadgeSymbol.swift; sourceTree = "<group>"; };
		1FD4215024CCA785004355F9 /* RotatedBadgeSymbol.swift */ = {isa = PBXFileReference; lastKnownFileType = sourcecode.swift; path = RotatedBadgeSymbol.swift; sourceTree = "<group>"; };
		1FD4216E24CCAB2C004355F9 /* Hike.swift */ = {isa = PBXFileReference; lastKnownFileType = sourcecode.swift; path = Hike.swift; sourceTree = "<group>"; };
		1FD4217024CCAB76004355F9 /* HikeGraph.swift */ = {isa = PBXFileReference; lastKnownFileType = sourcecode.swift; path = HikeGraph.swift; sourceTree = "<group>"; };
		1FD4217224CCABA2004355F9 /* GraphCapsule.swift */ = {isa = PBXFileReference; lastKnownFileType = sourcecode.swift; path = GraphCapsule.swift; sourceTree = "<group>"; };
		1FD4217424CCAC0F004355F9 /* HikeDetail.swift */ = {isa = PBXFileReference; lastKnownFileType = sourcecode.swift; path = HikeDetail.swift; sourceTree = "<group>"; };
		1FD4217624CCAC2A004355F9 /* HikeView.swift */ = {isa = PBXFileReference; lastKnownFileType = sourcecode.swift; path = HikeView.swift; sourceTree = "<group>"; };
		1FD4217824CCB294004355F9 /* Home.swift */ = {isa = PBXFileReference; lastKnownFileType = sourcecode.swift; path = Home.swift; sourceTree = "<group>"; };
		1FD4217A24CCB42B004355F9 /* CategoryRow.swift */ = {isa = PBXFileReference; lastKnownFileType = sourcecode.swift; path = CategoryRow.swift; sourceTree = "<group>"; };
		1FD4217C24CCB619004355F9 /* silversalmoncreek.jpg */ = {isa = PBXFileReference; lastKnownFileType = image.jpeg; path = silversalmoncreek.jpg; sourceTree = "<group>"; };
		1FD4217D24CCB619004355F9 /* rainbowlake.jpg */ = {isa = PBXFileReference; lastKnownFileType = image.jpeg; path = rainbowlake.jpg; sourceTree = "<group>"; };
		1FD4217E24CCB619004355F9 /* charleyrivers.jpg */ = {isa = PBXFileReference; lastKnownFileType = image.jpeg; path = charleyrivers.jpg; sourceTree = "<group>"; };
		1FD4217F24CCB619004355F9 /* landmarkData.json */ = {isa = PBXFileReference; fileEncoding = 4; lastKnownFileType = text.json; path = landmarkData.json; sourceTree = "<group>"; };
		1FD4218024CCB619004355F9 /* hiddenlake.jpg */ = {isa = PBXFileReference; lastKnownFileType = image.jpeg; path = hiddenlake.jpg; sourceTree = "<group>"; };
		1FD4218124CCB619004355F9 /* chincoteague.jpg */ = {isa = PBXFileReference; lastKnownFileType = image.jpeg; path = chincoteague.jpg; sourceTree = "<group>"; };
		1FD4218224CCB619004355F9 /* icybay.jpg */ = {isa = PBXFileReference; lastKnownFileType = image.jpeg; path = icybay.jpg; sourceTree = "<group>"; };
		1FD4218324CCB619004355F9 /* twinlake.jpg */ = {isa = PBXFileReference; lastKnownFileType = image.jpeg; path = twinlake.jpg; sourceTree = "<group>"; };
		1FD4218424CCB619004355F9 /* lakemcdonald.jpg */ = {isa = PBXFileReference; lastKnownFileType = image.jpeg; path = lakemcdonald.jpg; sourceTree = "<group>"; };
		1FD4218524CCB619004355F9 /* turtlerock.jpg */ = {isa = PBXFileReference; lastKnownFileType = image.jpeg; path = turtlerock.jpg; sourceTree = "<group>"; };
		1FD4218624CCB619004355F9 /* umbagog.jpg */ = {isa = PBXFileReference; lastKnownFileType = image.jpeg; path = umbagog.jpg; sourceTree = "<group>"; };
		1FD4218724CCB61A004355F9 /* stmarylake.jpg */ = {isa = PBXFileReference; lastKnownFileType = image.jpeg; path = stmarylake.jpg; sourceTree = "<group>"; };
		1FD4218824CCB61A004355F9 /* chilkoottrail.jpg */ = {isa = PBXFileReference; lastKnownFileType = image.jpeg; path = chilkoottrail.jpg; sourceTree = "<group>"; };
		1FD4218924CCB61A004355F9 /* hikeData.json */ = {isa = PBXFileReference; fileEncoding = 4; lastKnownFileType = text.json; path = hikeData.json; sourceTree = "<group>"; };
/* End PBXFileReference section */

/* Begin PBXFrameworksBuildPhase section */
		1F771C5024CC4E1B00BA4603 /* Frameworks */ = {
			isa = PBXFrameworksBuildPhase;
			buildActionMask = 2147483647;
			files = (
			);
			runOnlyForDeploymentPostprocessing = 0;
		};
		1F771C6624CC4E1D00BA4603 /* Frameworks */ = {
			isa = PBXFrameworksBuildPhase;
			buildActionMask = 2147483647;
			files = (
			);
			runOnlyForDeploymentPostprocessing = 0;
		};
		1F771C7124CC4E1D00BA4603 /* Frameworks */ = {
			isa = PBXFrameworksBuildPhase;
			buildActionMask = 2147483647;
			files = (
			);
			runOnlyForDeploymentPostprocessing = 0;
		};
/* End PBXFrameworksBuildPhase section */

/* Begin PBXGroup section */
		1F771C4A24CC4E1B00BA4603 = {
			isa = PBXGroup;
			children = (
				1F771C5524CC4E1C00BA4603 /* SwiftUI_tutorials */,
				1F771C6C24CC4E1D00BA4603 /* SwiftUI_tutorialsTests */,
				1F771C7724CC4E1D00BA4603 /* SwiftUI_tutorialsUITests */,
				1F771C5424CC4E1C00BA4603 /* Products */,
			);
			sourceTree = "<group>";
		};
		1F771C5424CC4E1C00BA4603 /* Products */ = {
			isa = PBXGroup;
			children = (
				1F771C5324CC4E1C00BA4603 /* SwiftUI_tutorials.app */,
				1F771C6924CC4E1D00BA4603 /* SwiftUI_tutorialsTests.xctest */,
				1F771C7424CC4E1D00BA4603 /* SwiftUI_tutorialsUITests.xctest */,
			);
			name = Products;
			sourceTree = "<group>";
		};
		1F771C5524CC4E1C00BA4603 /* SwiftUI_tutorials */ = {
			isa = PBXGroup;
			children = (
				1F771C6424CC4E1D00BA4603 /* Info.plist */,
				1F771C5624CC4E1C00BA4603 /* AppDelegate.swift */,
				1FD4214824CC81CB004355F9 /* HexagonParameters.swift */,
				1FD4217424CCAC0F004355F9 /* HikeDetail.swift */,
				1FD4217624CCAC2A004355F9 /* HikeView.swift */,
				1FD4217824CCB294004355F9 /* Home.swift */,
				1F771C5A24CC4E1C00BA4603 /* LandmarkDetail.swift */,
				1FD4212924CC6CAA004355F9 /* LandmarkList.swift */,
				1F771C5824CC4E1C00BA4603 /* SceneDelegate.swift */,
				1F771C5C24CC4E1D00BA4603 /* Assets.xcassets */,
				1F771C6124CC4E1D00BA4603 /* LaunchScreen.storyboard */,
				1F771C8B24CC617900BA4603 /* Models */,
				1F771C5E24CC4E1D00BA4603 /* Preview Content */,
				1F771C8A24CC616C00BA4603 /* Resources */,
				1FD4212B24CC7325004355F9 /* SupportingViews */,
			);
			path = SwiftUI_tutorials;
			sourceTree = "<group>";
		};
		1F771C5E24CC4E1D00BA4603 /* Preview Content */ = {
			isa = PBXGroup;
			children = (
				1F771C5F24CC4E1D00BA4603 /* Preview Assets.xcassets */,
			);
			path = "Preview Content";
			sourceTree = "<group>";
		};
		1F771C6C24CC4E1D00BA4603 /* SwiftUI_tutorialsTests */ = {
			isa = PBXGroup;
			children = (
				1F771C6D24CC4E1D00BA4603 /* SwiftUI_tutorialsTests.swift */,
				1F771C6F24CC4E1D00BA4603 /* Info.plist */,
			);
			path = SwiftUI_tutorialsTests;
			sourceTree = "<group>";
		};
		1F771C7724CC4E1D00BA4603 /* SwiftUI_tutorialsUITests */ = {
			isa = PBXGroup;
			children = (
				1F771C7824CC4E1D00BA4603 /* SwiftUI_tutorialsUITests.swift */,
				1F771C7A24CC4E1D00BA4603 /* Info.plist */,
			);
			path = SwiftUI_tutorialsUITests;
			sourceTree = "<group>";
		};
		1F771C8A24CC616C00BA4603 /* Resources */ = {
			isa = PBXGroup;
			children = (
				1FD4217E24CCB619004355F9 /* charleyrivers.jpg */,
				1FD4218824CCB61A004355F9 /* chilkoottrail.jpg */,
				1FD4218124CCB619004355F9 /* chincoteague.jpg */,
				1FD4218024CCB619004355F9 /* hiddenlake.jpg */,
				1FD4218924CCB61A004355F9 /* hikeData.json */,
				1FD4218224CCB619004355F9 /* icybay.jpg */,
				1FD4218424CCB619004355F9 /* lakemcdonald.jpg */,
				1FD4217F24CCB619004355F9 /* landmarkData.json */,
				1FD4217D24CCB619004355F9 /* rainbowlake.jpg */,
				1FD4217C24CCB619004355F9 /* silversalmoncreek.jpg */,
				1FD4218724CCB61A004355F9 /* stmarylake.jpg */,
				1FD4218524CCB619004355F9 /* turtlerock.jpg */,
				1FD4218324CCB619004355F9 /* twinlake.jpg */,
				1FD4218624CCB619004355F9 /* umbagog.jpg */,
			);
			path = Resources;
			sourceTree = "<group>";
		};
		1F771C8B24CC617900BA4603 /* Models */ = {
			isa = PBXGroup;
			children = (
				1F771C8C24CC61B500BA4603 /* Landmark.swift */,
				1FD4210D24CC6498004355F9 /* Data.swift */,
				1FD4214624CC7BF3004355F9 /* UserData.swift */,
				1FD4216E24CCAB2C004355F9 /* Hike.swift */,
			);
			path = Models;
			sourceTree = "<group>";
		};
		1FD4212B24CC7325004355F9 /* SupportingViews */ = {
			isa = PBXGroup;
			children = (
				1FD4214A24CC81F7004355F9 /* Badge.swift */,
				1FD4214C24CC8A13004355F9 /* BadgeBackground.swift */,
				1FD4214E24CCA57D004355F9 /* BadgeSymbol.swift */,
				1F771C8624CC586F00BA4603 /* CircleImage.swift */,
				1FD4217224CCABA2004355F9 /* GraphCapsule.swift */,
				1FD4217024CCAB76004355F9 /* HikeGraph.swift */,
				1FD4210B24CC63DE004355F9 /* LandmarkRow.swift */,
				1F771C8824CC59D300BA4603 /* MapView.swift */,
				1FD4215024CCA785004355F9 /* RotatedBadgeSymbol.swift */,
				1FD4217A24CCB42B004355F9 /* CategoryRow.swift */,
			);
			path = SupportingViews;
			sourceTree = "<group>";
		};
/* End PBXGroup section */

/* Begin PBXNativeTarget section */
		1F771C5224CC4E1B00BA4603 /* SwiftUI_tutorials */ = {
			isa = PBXNativeTarget;
			buildConfigurationList = 1F771C7D24CC4E1D00BA4603 /* Build configuration list for PBXNativeTarget "SwiftUI_tutorials" */;
			buildPhases = (
				1F771C4F24CC4E1B00BA4603 /* Sources */,
				1F771C5024CC4E1B00BA4603 /* Frameworks */,
				1F771C5124CC4E1B00BA4603 /* Resources */,
			);
			buildRules = (
			);
			dependencies = (
			);
			name = SwiftUI_tutorials;
			productName = SwiftUI_tutorials;
			productReference = 1F771C5324CC4E1C00BA4603 /* SwiftUI_tutorials.app */;
			productType = "com.apple.product-type.application";
		};
		1F771C6824CC4E1D00BA4603 /* SwiftUI_tutorialsTests */ = {
			isa = PBXNativeTarget;
			buildConfigurationList = 1F771C8024CC4E1D00BA4603 /* Build configuration list for PBXNativeTarget "SwiftUI_tutorialsTests" */;
			buildPhases = (
				1F771C6524CC4E1D00BA4603 /* Sources */,
				1F771C6624CC4E1D00BA4603 /* Frameworks */,
				1F771C6724CC4E1D00BA4603 /* Resources */,
			);
			buildRules = (
			);
			dependencies = (
				1F771C6B24CC4E1D00BA4603 /* PBXTargetDependency */,
			);
			name = SwiftUI_tutorialsTests;
			productName = SwiftUI_tutorialsTests;
			productReference = 1F771C6924CC4E1D00BA4603 /* SwiftUI_tutorialsTests.xctest */;
			productType = "com.apple.product-type.bundle.unit-test";
		};
		1F771C7324CC4E1D00BA4603 /* SwiftUI_tutorialsUITests */ = {
			isa = PBXNativeTarget;
			buildConfigurationList = 1F771C8324CC4E1D00BA4603 /* Build configuration list for PBXNativeTarget "SwiftUI_tutorialsUITests" */;
			buildPhases = (
				1F771C7024CC4E1D00BA4603 /* Sources */,
				1F771C7124CC4E1D00BA4603 /* Frameworks */,
				1F771C7224CC4E1D00BA4603 /* Resources */,
			);
			buildRules = (
			);
			dependencies = (
				1F771C7624CC4E1D00BA4603 /* PBXTargetDependency */,
			);
			name = SwiftUI_tutorialsUITests;
			productName = SwiftUI_tutorialsUITests;
			productReference = 1F771C7424CC4E1D00BA4603 /* SwiftUI_tutorialsUITests.xctest */;
			productType = "com.apple.product-type.bundle.ui-testing";
		};
/* End PBXNativeTarget section */

/* Begin PBXProject section */
		1F771C4B24CC4E1B00BA4603 /* Project object */ = {
			isa = PBXProject;
			attributes = {
				LastSwiftUpdateCheck = 1160;
				LastUpgradeCheck = 1160;
				ORGANIZATIONNAME = idonuntius;
				TargetAttributes = {
					1F771C5224CC4E1B00BA4603 = {
						CreatedOnToolsVersion = 11.6;
					};
					1F771C6824CC4E1D00BA4603 = {
						CreatedOnToolsVersion = 11.6;
						TestTargetID = 1F771C5224CC4E1B00BA4603;
					};
					1F771C7324CC4E1D00BA4603 = {
						CreatedOnToolsVersion = 11.6;
						TestTargetID = 1F771C5224CC4E1B00BA4603;
					};
				};
			};
			buildConfigurationList = 1F771C4E24CC4E1B00BA4603 /* Build configuration list for PBXProject "SwiftUI_tutorials" */;
			compatibilityVersion = "Xcode 9.3";
			developmentRegion = en;
			hasScannedForEncodings = 0;
			knownRegions = (
				en,
				Base,
			);
			mainGroup = 1F771C4A24CC4E1B00BA4603;
			productRefGroup = 1F771C5424CC4E1C00BA4603 /* Products */;
			projectDirPath = "";
			projectRoot = "";
			targets = (
				1F771C5224CC4E1B00BA4603 /* SwiftUI_tutorials */,
				1F771C6824CC4E1D00BA4603 /* SwiftUI_tutorialsTests */,
				1F771C7324CC4E1D00BA4603 /* SwiftUI_tutorialsUITests */,
			);
		};
/* End PBXProject section */

/* Begin PBXResourcesBuildPhase section */
		1F771C5124CC4E1B00BA4603 /* Resources */ = {
			isa = PBXResourcesBuildPhase;
			buildActionMask = 2147483647;
			files = (
				1FD4219324CCB61A004355F9 /* turtlerock.jpg in Resources */,
				1F771C6324CC4E1D00BA4603 /* LaunchScreen.storyboard in Resources */,
				1FD4219724CCB61A004355F9 /* hikeData.json in Resources */,
				1FD4219424CCB61A004355F9 /* umbagog.jpg in Resources */,
				1FD4218B24CCB61A004355F9 /* rainbowlake.jpg in Resources */,
				1FD4218D24CCB61A004355F9 /* landmarkData.json in Resources */,
				1FD4218F24CCB61A004355F9 /* chincoteague.jpg in Resources */,
				1FD4219524CCB61A004355F9 /* stmarylake.jpg in Resources */,
				1FD4218A24CCB61A004355F9 /* silversalmoncreek.jpg in Resources */,
				1FD4218C24CCB61A004355F9 /* charleyrivers.jpg in Resources */,
				1FD4219624CCB61A004355F9 /* chilkoottrail.jpg in Resources */,
				1FD4219224CCB61A004355F9 /* lakemcdonald.jpg in Resources */,
				1F771C6024CC4E1D00BA4603 /* Preview Assets.xcassets in Resources */,
				1FD4218E24CCB61A004355F9 /* hiddenlake.jpg in Resources */,
				1FD4219024CCB61A004355F9 /* icybay.jpg in Resources */,
				1F771C5D24CC4E1D00BA4603 /* Assets.xcassets in Resources */,
				1FD4219124CCB61A004355F9 /* twinlake.jpg in Resources */,
			);
			runOnlyForDeploymentPostprocessing = 0;
		};
		1F771C6724CC4E1D00BA4603 /* Resources */ = {
			isa = PBXResourcesBuildPhase;
			buildActionMask = 2147483647;
			files = (
			);
			runOnlyForDeploymentPostprocessing = 0;
		};
		1F771C7224CC4E1D00BA4603 /* Resources */ = {
			isa = PBXResourcesBuildPhase;
			buildActionMask = 2147483647;
			files = (
			);
			runOnlyForDeploymentPostprocessing = 0;
		};
/* End PBXResourcesBuildPhase section */

/* Begin PBXSourcesBuildPhase section */
		1F771C4F24CC4E1B00BA4603 /* Sources */ = {
			isa = PBXSourcesBuildPhase;
			buildActionMask = 2147483647;
			files = (
				1FD4217B24CCB42B004355F9 /* CategoryRow.swift in Sources */,
				1F771C5724CC4E1C00BA4603 /* AppDelegate.swift in Sources */,
				1FD4214B24CC81F7004355F9 /* Badge.swift in Sources */,
				1F771C8724CC586F00BA4603 /* CircleImage.swift in Sources */,
				1F771C8924CC59D300BA4603 /* MapView.swift in Sources */,
				1F771C5924CC4E1C00BA4603 /* SceneDelegate.swift in Sources */,
				1FD4214924CC81CB004355F9 /* HexagonParameters.swift in Sources */,
				1FD4216F24CCAB2C004355F9 /* Hike.swift in Sources */,
				1FD4217524CCAC0F004355F9 /* HikeDetail.swift in Sources */,
				1FD4212A24CC6CAA004355F9 /* LandmarkList.swift in Sources */,
				1FD4214F24CCA57D004355F9 /* BadgeSymbol.swift in Sources */,
				1FD4215124CCA785004355F9 /* RotatedBadgeSymbol.swift in Sources */,
				1F771C5B24CC4E1C00BA4603 /* LandmarkDetail.swift in Sources */,
				1FD4214D24CC8A13004355F9 /* BadgeBackground.swift in Sources */,
				1FD4217924CCB294004355F9 /* Home.swift in Sources */,
				1FD4217724CCAC2A004355F9 /* HikeView.swift in Sources */,
				1FD4210C24CC63DE004355F9 /* LandmarkRow.swift in Sources */,
				1F771C8D24CC61B500BA4603 /* Landmark.swift in Sources */,
				1FD4217324CCABA2004355F9 /* GraphCapsule.swift in Sources */,
				1FD4214724CC7BF3004355F9 /* UserData.swift in Sources */,
				1FD4210E24CC6498004355F9 /* Data.swift in Sources */,
				1FD4217124CCAB76004355F9 /* HikeGraph.swift in Sources */,
			);
			runOnlyForDeploymentPostprocessing = 0;
		};
		1F771C6524CC4E1D00BA4603 /* Sources */ = {
			isa = PBXSourcesBuildPhase;
			buildActionMask = 2147483647;
			files = (
				1F771C6E24CC4E1D00BA4603 /* SwiftUI_tutorialsTests.swift in Sources */,
			);
			runOnlyForDeploymentPostprocessing = 0;
		};
		1F771C7024CC4E1D00BA4603 /* Sources */ = {
			isa = PBXSourcesBuildPhase;
			buildActionMask = 2147483647;
			files = (
				1F771C7924CC4E1D00BA4603 /* SwiftUI_tutorialsUITests.swift in Sources */,
			);
			runOnlyForDeploymentPostprocessing = 0;
		};
/* End PBXSourcesBuildPhase section */

/* Begin PBXTargetDependency section */
		1F771C6B24CC4E1D00BA4603 /* PBXTargetDependency */ = {
			isa = PBXTargetDependency;
			target = 1F771C5224CC4E1B00BA4603 /* SwiftUI_tutorials */;
			targetProxy = 1F771C6A24CC4E1D00BA4603 /* PBXContainerItemProxy */;
		};
		1F771C7624CC4E1D00BA4603 /* PBXTargetDependency */ = {
			isa = PBXTargetDependency;
			target = 1F771C5224CC4E1B00BA4603 /* SwiftUI_tutorials */;
			targetProxy = 1F771C7524CC4E1D00BA4603 /* PBXContainerItemProxy */;
		};
/* End PBXTargetDependency section */

/* Begin PBXVariantGroup section */
		1F771C6124CC4E1D00BA4603 /* LaunchScreen.storyboard */ = {
			isa = PBXVariantGroup;
			children = (
				1F771C6224CC4E1D00BA4603 /* Base */,
			);
			name = LaunchScreen.storyboard;
			sourceTree = "<group>";
		};
/* End PBXVariantGroup section */

/* Begin XCBuildConfiguration section */
		1F771C7B24CC4E1D00BA4603 /* Debug */ = {
			isa = XCBuildConfiguration;
			buildSettings = {
				ALWAYS_SEARCH_USER_PATHS = NO;
				CLANG_ANALYZER_NONNULL = YES;
				CLANG_ANALYZER_NUMBER_OBJECT_CONVERSION = YES_AGGRESSIVE;
				CLANG_CXX_LANGUAGE_STANDARD = "gnu++14";
				CLANG_CXX_LIBRARY = "libc++";
				CLANG_ENABLE_MODULES = YES;
				CLANG_ENABLE_OBJC_ARC = YES;
				CLANG_ENABLE_OBJC_WEAK = YES;
				CLANG_WARN_BLOCK_CAPTURE_AUTORELEASING = YES;
				CLANG_WARN_BOOL_CONVERSION = YES;
				CLANG_WARN_COMMA = YES;
				CLANG_WARN_CONSTANT_CONVERSION = YES;
				CLANG_WARN_DEPRECATED_OBJC_IMPLEMENTATIONS = YES;
				CLANG_WARN_DIRECT_OBJC_ISA_USAGE = YES_ERROR;
				CLANG_WARN_DOCUMENTATION_COMMENTS = YES;
				CLANG_WARN_EMPTY_BODY = YES;
				CLANG_WARN_ENUM_CONVERSION = YES;
				CLANG_WARN_INFINITE_RECURSION = YES;
				CLANG_WARN_INT_CONVERSION = YES;
				CLANG_WARN_NON_LITERAL_NULL_CONVERSION = YES;
				CLANG_WARN_OBJC_IMPLICIT_RETAIN_SELF = YES;
				CLANG_WARN_OBJC_LITERAL_CONVERSION = YES;
				CLANG_WARN_OBJC_ROOT_CLASS = YES_ERROR;
				CLANG_WARN_RANGE_LOOP_ANALYSIS = YES;
				CLANG_WARN_STRICT_PROTOTYPES = YES;
				CLANG_WARN_SUSPICIOUS_MOVE = YES;
				CLANG_WARN_UNGUARDED_AVAILABILITY = YES_AGGRESSIVE;
				CLANG_WARN_UNREACHABLE_CODE = YES;
				CLANG_WARN__DUPLICATE_METHOD_MATCH = YES;
				COPY_PHASE_STRIP = NO;
				DEBUG_INFORMATION_FORMAT = dwarf;
				ENABLE_STRICT_OBJC_MSGSEND = YES;
				ENABLE_TESTABILITY = YES;
				GCC_C_LANGUAGE_STANDARD = gnu11;
				GCC_DYNAMIC_NO_PIC = NO;
				GCC_NO_COMMON_BLOCKS = YES;
				GCC_OPTIMIZATION_LEVEL = 0;
				GCC_PREPROCESSOR_DEFINITIONS = (
					"DEBUG=1",
					"$(inherited)",
				);
				GCC_WARN_64_TO_32_BIT_CONVERSION = YES;
				GCC_WARN_ABOUT_RETURN_TYPE = YES_ERROR;
				GCC_WARN_UNDECLARED_SELECTOR = YES;
				GCC_WARN_UNINITIALIZED_AUTOS = YES_AGGRESSIVE;
				GCC_WARN_UNUSED_FUNCTION = YES;
				GCC_WARN_UNUSED_VARIABLE = YES;
				IPHONEOS_DEPLOYMENT_TARGET = 13.6;
				MTL_ENABLE_DEBUG_INFO = INCLUDE_SOURCE;
				MTL_FAST_MATH = YES;
				ONLY_ACTIVE_ARCH = YES;
				SDKROOT = iphoneos;
				SWIFT_ACTIVE_COMPILATION_CONDITIONS = DEBUG;
				SWIFT_OPTIMIZATION_LEVEL = "-Onone";
			};
			name = Debug;
		};
		1F771C7C24CC4E1D00BA4603 /* Release */ = {
			isa = XCBuildConfiguration;
			buildSettings = {
				ALWAYS_SEARCH_USER_PATHS = NO;
				CLANG_ANALYZER_NONNULL = YES;
				CLANG_ANALYZER_NUMBER_OBJECT_CONVERSION = YES_AGGRESSIVE;
				CLANG_CXX_LANGUAGE_STANDARD = "gnu++14";
				CLANG_CXX_LIBRARY = "libc++";
				CLANG_ENABLE_MODULES = YES;
				CLANG_ENABLE_OBJC_ARC = YES;
				CLANG_ENABLE_OBJC_WEAK = YES;
				CLANG_WARN_BLOCK_CAPTURE_AUTORELEASING = YES;
				CLANG_WARN_BOOL_CONVERSION = YES;
				CLANG_WARN_COMMA = YES;
				CLANG_WARN_CONSTANT_CONVERSION = YES;
				CLANG_WARN_DEPRECATED_OBJC_IMPLEMENTATIONS = YES;
				CLANG_WARN_DIRECT_OBJC_ISA_USAGE = YES_ERROR;
				CLANG_WARN_DOCUMENTATION_COMMENTS = YES;
				CLANG_WARN_EMPTY_BODY = YES;
				CLANG_WARN_ENUM_CONVERSION = YES;
				CLANG_WARN_INFINITE_RECURSION = YES;
				CLANG_WARN_INT_CONVERSION = YES;
				CLANG_WARN_NON_LITERAL_NULL_CONVERSION = YES;
				CLANG_WARN_OBJC_IMPLICIT_RETAIN_SELF = YES;
				CLANG_WARN_OBJC_LITERAL_CONVERSION = YES;
				CLANG_WARN_OBJC_ROOT_CLASS = YES_ERROR;
				CLANG_WARN_RANGE_LOOP_ANALYSIS = YES;
				CLANG_WARN_STRICT_PROTOTYPES = YES;
				CLANG_WARN_SUSPICIOUS_MOVE = YES;
				CLANG_WARN_UNGUARDED_AVAILABILITY = YES_AGGRESSIVE;
				CLANG_WARN_UNREACHABLE_CODE = YES;
				CLANG_WARN__DUPLICATE_METHOD_MATCH = YES;
				COPY_PHASE_STRIP = NO;
				DEBUG_INFORMATION_FORMAT = "dwarf-with-dsym";
				ENABLE_NS_ASSERTIONS = NO;
				ENABLE_STRICT_OBJC_MSGSEND = YES;
				GCC_C_LANGUAGE_STANDARD = gnu11;
				GCC_NO_COMMON_BLOCKS = YES;
				GCC_WARN_64_TO_32_BIT_CONVERSION = YES;
				GCC_WARN_ABOUT_RETURN_TYPE = YES_ERROR;
				GCC_WARN_UNDECLARED_SELECTOR = YES;
				GCC_WARN_UNINITIALIZED_AUTOS = YES_AGGRESSIVE;
				GCC_WARN_UNUSED_FUNCTION = YES;
				GCC_WARN_UNUSED_VARIABLE = YES;
				IPHONEOS_DEPLOYMENT_TARGET = 13.6;
				MTL_ENABLE_DEBUG_INFO = NO;
				MTL_FAST_MATH = YES;
				SDKROOT = iphoneos;
				SWIFT_COMPILATION_MODE = wholemodule;
				SWIFT_OPTIMIZATION_LEVEL = "-O";
				VALIDATE_PRODUCT = YES;
			};
			name = Release;
		};
		1F771C7E24CC4E1D00BA4603 /* Debug */ = {
			isa = XCBuildConfiguration;
			buildSettings = {
				ASSETCATALOG_COMPILER_APPICON_NAME = AppIcon;
				CODE_SIGN_STYLE = Automatic;
				DEVELOPMENT_ASSET_PATHS = "\"SwiftUI_tutorials/Preview Content\"";
				DEVELOPMENT_TEAM = FY775XZ7F9;
				ENABLE_PREVIEWS = YES;
				INFOPLIST_FILE = SwiftUI_tutorials/Info.plist;
				LD_RUNPATH_SEARCH_PATHS = (
					"$(inherited)",
					"@executable_path/Frameworks",
				);
				PRODUCT_BUNDLE_IDENTIFIER = "com.idonuntius.SwiftUI-tutorials";
				PRODUCT_NAME = "$(TARGET_NAME)";
				SWIFT_VERSION = 5.0;
				TARGETED_DEVICE_FAMILY = "1,2";
			};
			name = Debug;
		};
		1F771C7F24CC4E1D00BA4603 /* Release */ = {
			isa = XCBuildConfiguration;
			buildSettings = {
				ASSETCATALOG_COMPILER_APPICON_NAME = AppIcon;
				CODE_SIGN_STYLE = Automatic;
				DEVELOPMENT_ASSET_PATHS = "\"SwiftUI_tutorials/Preview Content\"";
				DEVELOPMENT_TEAM = FY775XZ7F9;
				ENABLE_PREVIEWS = YES;
				INFOPLIST_FILE = SwiftUI_tutorials/Info.plist;
				LD_RUNPATH_SEARCH_PATHS = (
					"$(inherited)",
					"@executable_path/Frameworks",
				);
				PRODUCT_BUNDLE_IDENTIFIER = "com.idonuntius.SwiftUI-tutorials";
				PRODUCT_NAME = "$(TARGET_NAME)";
				SWIFT_VERSION = 5.0;
				TARGETED_DEVICE_FAMILY = "1,2";
			};
			name = Release;
		};
		1F771C8124CC4E1D00BA4603 /* Debug */ = {
			isa = XCBuildConfiguration;
			buildSettings = {
				ALWAYS_EMBED_SWIFT_STANDARD_LIBRARIES = YES;
				BUNDLE_LOADER = "$(TEST_HOST)";
				CODE_SIGN_STYLE = Automatic;
				DEVELOPMENT_TEAM = FY775XZ7F9;
				INFOPLIST_FILE = SwiftUI_tutorialsTests/Info.plist;
				IPHONEOS_DEPLOYMENT_TARGET = 13.6;
				LD_RUNPATH_SEARCH_PATHS = (
					"$(inherited)",
					"@executable_path/Frameworks",
					"@loader_path/Frameworks",
				);
				PRODUCT_BUNDLE_IDENTIFIER = "com.idonuntius.SwiftUI-tutorialsTests";
				PRODUCT_NAME = "$(TARGET_NAME)";
				SWIFT_VERSION = 5.0;
				TARGETED_DEVICE_FAMILY = "1,2";
				TEST_HOST = "$(BUILT_PRODUCTS_DIR)/SwiftUI_tutorials.app/SwiftUI_tutorials";
			};
			name = Debug;
		};
		1F771C8224CC4E1D00BA4603 /* Release */ = {
			isa = XCBuildConfiguration;
			buildSettings = {
				ALWAYS_EMBED_SWIFT_STANDARD_LIBRARIES = YES;
				BUNDLE_LOADER = "$(TEST_HOST)";
				CODE_SIGN_STYLE = Automatic;
				DEVELOPMENT_TEAM = FY775XZ7F9;
				INFOPLIST_FILE = SwiftUI_tutorialsTests/Info.plist;
				IPHONEOS_DEPLOYMENT_TARGET = 13.6;
				LD_RUNPATH_SEARCH_PATHS = (
					"$(inherited)",
					"@executable_path/Frameworks",
					"@loader_path/Frameworks",
				);
				PRODUCT_BUNDLE_IDENTIFIER = "com.idonuntius.SwiftUI-tutorialsTests";
				PRODUCT_NAME = "$(TARGET_NAME)";
				SWIFT_VERSION = 5.0;
				TARGETED_DEVICE_FAMILY = "1,2";
				TEST_HOST = "$(BUILT_PRODUCTS_DIR)/SwiftUI_tutorials.app/SwiftUI_tutorials";
			};
			name = Release;
		};
		1F771C8424CC4E1D00BA4603 /* Debug */ = {
			isa = XCBuildConfiguration;
			buildSettings = {
				ALWAYS_EMBED_SWIFT_STANDARD_LIBRARIES = YES;
				CODE_SIGN_STYLE = Automatic;
				DEVELOPMENT_TEAM = FY775XZ7F9;
				INFOPLIST_FILE = SwiftUI_tutorialsUITests/Info.plist;
				LD_RUNPATH_SEARCH_PATHS = (
					"$(inherited)",
					"@executable_path/Frameworks",
					"@loader_path/Frameworks",
				);
				PRODUCT_BUNDLE_IDENTIFIER = "com.idonuntius.SwiftUI-tutorialsUITests";
				PRODUCT_NAME = "$(TARGET_NAME)";
				SWIFT_VERSION = 5.0;
				TARGETED_DEVICE_FAMILY = "1,2";
				TEST_TARGET_NAME = SwiftUI_tutorials;
			};
			name = Debug;
		};
		1F771C8524CC4E1D00BA4603 /* Release */ = {
			isa = XCBuildConfiguration;
			buildSettings = {
				ALWAYS_EMBED_SWIFT_STANDARD_LIBRARIES = YES;
				CODE_SIGN_STYLE = Automatic;
				DEVELOPMENT_TEAM = FY775XZ7F9;
				INFOPLIST_FILE = SwiftUI_tutorialsUITests/Info.plist;
				LD_RUNPATH_SEARCH_PATHS = (
					"$(inherited)",
					"@executable_path/Frameworks",
					"@loader_path/Frameworks",
				);
				PRODUCT_BUNDLE_IDENTIFIER = "com.idonuntius.SwiftUI-tutorialsUITests";
				PRODUCT_NAME = "$(TARGET_NAME)";
				SWIFT_VERSION = 5.0;
				TARGETED_DEVICE_FAMILY = "1,2";
				TEST_TARGET_NAME = SwiftUI_tutorials;
			};
			name = Release;
		};
/* End XCBuildConfiguration section */

/* Begin XCConfigurationList section */
		1F771C4E24CC4E1B00BA4603 /* Build configuration list for PBXProject "SwiftUI_tutorials" */ = {
			isa = XCConfigurationList;
			buildConfigurations = (
				1F771C7B24CC4E1D00BA4603 /* Debug */,
				1F771C7C24CC4E1D00BA4603 /* Release */,
			);
			defaultConfigurationIsVisible = 0;
			defaultConfigurationName = Release;
		};
		1F771C7D24CC4E1D00BA4603 /* Build configuration list for PBXNativeTarget "SwiftUI_tutorials" */ = {
			isa = XCConfigurationList;
			buildConfigurations = (
				1F771C7E24CC4E1D00BA4603 /* Debug */,
				1F771C7F24CC4E1D00BA4603 /* Release */,
			);
			defaultConfigurationIsVisible = 0;
			defaultConfigurationName = Release;
		};
		1F771C8024CC4E1D00BA4603 /* Build configuration list for PBXNativeTarget "SwiftUI_tutorialsTests" */ = {
			isa = XCConfigurationList;
			buildConfigurations = (
				1F771C8124CC4E1D00BA4603 /* Debug */,
				1F771C8224CC4E1D00BA4603 /* Release */,
			);
			defaultConfigurationIsVisible = 0;
			defaultConfigurationName = Release;
		};
		1F771C8324CC4E1D00BA4603 /* Build configuration list for PBXNativeTarget "SwiftUI_tutorialsUITests" */ = {
			isa = XCConfigurationList;
			buildConfigurations = (
				1F771C8424CC4E1D00BA4603 /* Debug */,
				1F771C8524CC4E1D00BA4603 /* Release */,
			);
			defaultConfigurationIsVisible = 0;
			defaultConfigurationName = Release;
		};
/* End XCConfigurationList section */
	};
	rootObject = 1F771C4B24CC4E1B00BA4603 /* Project object */;
}
